<?xml version="1.0" encoding="utf-8"?>
<Project ToolsVersion="4.0" xmlns="http://schemas.microsoft.com/developer/msbuild/2003">
  <ItemGroup>
    <Filter Include="Assets">
      <UniqueIdentifier>{aa2dff80-cc46-4aaa-9c9e-7784c2a0cdf0}</UniqueIdentifier>
    </Filter>
    <Filter Include="Assets\modelData">
      <UniqueIdentifier>{a27dfd5d-af93-4623-b084-aad00b7739c4}</UniqueIdentifier>
    </Filter>
    <Filter Include="character">
      <UniqueIdentifier>{c57b7107-f9f3-4b72-8f3e-8644593ed533}</UniqueIdentifier>
    </Filter>
    <Filter Include="level">
      <UniqueIdentifier>{73eacaf4-a5db-4539-ab55-83b9c5d4807c}</UniqueIdentifier>
    </Filter>
    <Filter Include="math">
      <UniqueIdentifier>{39e7f303-3dac-4bde-bedf-33a5497f262e}</UniqueIdentifier>
    </Filter>
    <Filter Include="physics">
      <UniqueIdentifier>{1eed4cab-11aa-4e90-960a-a01360c5a392}</UniqueIdentifier>
    </Filter>
    <Filter Include="system">
      <UniqueIdentifier>{48b58c60-bbe2-40d8-9d2f-e81d065b6820}</UniqueIdentifier>
    </Filter>
    <Filter Include="Assets\animData">
      <UniqueIdentifier>{202b4fcb-8391-4c92-89b5-3e447eba952a}</UniqueIdentifier>
    </Filter>
    <Filter Include="level\HID">
      <UniqueIdentifier>{bbdeed04-d9d3-4ff9-bb44-9d888be6899a}</UniqueIdentifier>
    </Filter>
    <Filter Include="graphics">
      <UniqueIdentifier>{eb968d05-cda9-4645-bfb5-664efac60b11}</UniqueIdentifier>
    </Filter>
    <Filter Include="graphics\animation">
      <UniqueIdentifier>{20357bfb-fda0-4b4a-a591-3078f6348ed8}</UniqueIdentifier>
    </Filter>
    <Filter Include="Assets\sprite">
      <UniqueIdentifier>{0c643fed-0355-4b2c-bb00-c5584aa95790}</UniqueIdentifier>
    </Filter>
  </ItemGroup>
  <ItemGroup>
    <ClCompile Include="math\Vector.cpp">
      <Filter>math</Filter>
    </ClCompile>
    <ClCompile Include="math\kMath.cpp">
      <Filter>math</Filter>
    </ClCompile>
    <ClCompile Include="math\Matrix.cpp">
      <Filter>math</Filter>
    </ClCompile>
    <ClCompile Include="HID\Pad.cpp">
      <Filter>level\HID</Filter>
    </ClCompile>
    <ClCompile Include="system\system.cpp">
      <Filter>system</Filter>
    </ClCompile>
    <ClCompile Include="physics\RigidBody.cpp">
      <Filter>physics</Filter>
    </ClCompile>
    <ClCompile Include="physics\Physics.cpp">
      <Filter>physics</Filter>
    </ClCompile>
    <ClCompile Include="physics\MeshCollider.cpp">
      <Filter>physics</Filter>
    </ClCompile>
    <ClCompile Include="physics\CapsuleCollider.cpp">
      <Filter>physics</Filter>
    </ClCompile>
    <ClCompile Include="physics\PhysicsStaticObject.cpp">
      <Filter>physics</Filter>
    </ClCompile>
    <ClCompile Include="character\CharacterController.cpp">
      <Filter>character</Filter>
    </ClCompile>
    <ClCompile Include="level\Level.cpp">
      <Filter>level</Filter>
    </ClCompile>
    <ClCompile Include="Player.cpp" />
    <ClCompile Include="main.cpp" />
    <ClCompile Include="stdafx.cpp" />
    <ClCompile Include="GameCamera.cpp" />
    <ClCompile Include="Enemy.cpp" />
    <ClCompile Include="Game.cpp" />
    <ClCompile Include="Scaffold.cpp" />
    <ClCompile Include="Goal.cpp" />
    <ClCompile Include="Title.cpp" />
    <ClCompile Include="graphics\SkinModelEffect.cpp">
      <Filter>graphics</Filter>
    </ClCompile>
    <ClCompile Include="graphics\SkinModelDataManager.cpp">
      <Filter>graphics</Filter>
    </ClCompile>
    <ClCompile Include="graphics\ShaderResources.cpp">
      <Filter>graphics</Filter>
    </ClCompile>
    <ClCompile Include="graphics\Shader.cpp">
      <Filter>graphics</Filter>
    </ClCompile>
    <ClCompile Include="graphics\GraphicsEngine.cpp">
      <Filter>graphics</Filter>
    </ClCompile>
    <ClCompile Include="graphics\Camera.cpp">
      <Filter>graphics</Filter>
    </ClCompile>
    <ClCompile Include="graphics\animation\AnimationClip.cpp">
      <Filter>graphics\animation</Filter>
    </ClCompile>
    <ClCompile Include="graphics\animation\Animation.cpp">
      <Filter>graphics\animation</Filter>
    </ClCompile>
    <ClCompile Include="graphics\animation\AnimationPlayController.cpp">
      <Filter>graphics\animation</Filter>
    </ClCompile>
    <ClCompile Include="graphics\SkinModel.cpp">
      <Filter>graphics</Filter>
    </ClCompile>
    <ClCompile Include="Spring.cpp" />
    <ClCompile Include="graphics\Skeleton.cpp">
      <Filter>graphics</Filter>
    </ClCompile>
    <ClCompile Include="TurnScaffold.cpp" />
    <ClCompile Include="graphics\RenderTarget.cpp">
      <Filter>graphics</Filter>
    </ClCompile>
    <ClCompile Include="graphics\ShadowMap.cpp" />
    <ClCompile Include="level\MapChip.cpp">
      <Filter>level</Filter>
    </ClCompile>
    <ClCompile Include="Coin.cpp" />
    <ClCompile Include="Sprite.cpp" />
    <ClCompile Include="Fade.cpp" />
    <ClCompile Include="Bloom.cpp" />
    <ClCompile Include="PostEffect.cpp" />
    <ClCompile Include="sound\SoundEngine.cpp" />
    <ClCompile Include="sound\SoundSource.cpp" />
    <ClCompile Include="sound\WaveFile.cpp" />
    <ClCompile Include="sound\WaveFileBank.cpp" />
    <ClCompile Include="Stage.cpp" />
    <ClCompile Include="GaussianBlur.cpp" />
    <ClCompile Include="ConstantBufferGPU.cpp" />
    <ClCompile Include="Gate.cpp" />
    <ClCompile Include="HP.cpp" />
    <ClCompile Include="font.cpp" />
    <ClCompile Include="Timer.cpp" />
    <ClCompile Include="Gameover.cpp" />
    <ClCompile Include="character\SpringCamera.cpp" />
  </ItemGroup>
  <ItemGroup>
    <ClInclude Include="math\Vector.h">
      <Filter>math</Filter>
    </ClInclude>
    <ClInclude Include="math\kMath.h">
      <Filter>math</Filter>
    </ClInclude>
    <ClInclude Include="math\Matrix.h">
      <Filter>math</Filter>
    </ClInclude>
    <ClInclude Include="HID\Pad.h">
      <Filter>level\HID</Filter>
    </ClInclude>
    <ClInclude Include="system\system.h">
      <Filter>system</Filter>
    </ClInclude>
    <ClInclude Include="physics\RigidBody.h">
      <Filter>physics</Filter>
    </ClInclude>
    <ClInclude Include="physics\Physics.h">
      <Filter>physics</Filter>
    </ClInclude>
    <ClInclude Include="physics\ICollider.h">
      <Filter>physics</Filter>
    </ClInclude>
    <ClInclude Include="physics\MeshCollider.h">
      <Filter>physics</Filter>
    </ClInclude>
    <ClInclude Include="physics\CapsuleCollider.h">
      <Filter>physics</Filter>
    </ClInclude>
    <ClInclude Include="physics\CollisionAttr.h">
      <Filter>physics</Filter>
    </ClInclude>
    <ClInclude Include="physics\PhysicsStaticObject.h">
      <Filter>physics</Filter>
    </ClInclude>
    <ClInclude Include="character\CharacterController.h">
      <Filter>character</Filter>
    </ClInclude>
    <ClInclude Include="level\Level.h">
      <Filter>level</Filter>
    </ClInclude>
    <ClInclude Include="level\MapChip.h">
      <Filter>level</Filter>
    </ClInclude>
    <ClInclude Include="Player.h" />
    <ClInclude Include="stdafx.h" />
    <ClInclude Include="GameCamera.h" />
    <ClInclude Include="Enemy.h" />
    <ClInclude Include="IScene.h" />
    <ClInclude Include="Game.h" />
    <ClInclude Include="Scaffold.h" />
    <ClInclude Include="Goal.h" />
    <ClInclude Include="Stage.h" />
    <ClInclude Include="graphics\SkinModelEffect.h">
      <Filter>graphics</Filter>
    </ClInclude>
    <ClInclude Include="graphics\SkinModelDataManager.h">
      <Filter>graphics</Filter>
    </ClInclude>
    <ClInclude Include="graphics\SkinModel.h">
      <Filter>graphics</Filter>
    </ClInclude>
    <ClInclude Include="graphics\ShaderResources.h">
      <Filter>graphics</Filter>
    </ClInclude>
    <ClInclude Include="graphics\Shader.h">
      <Filter>graphics</Filter>
    </ClInclude>
    <ClInclude Include="graphics\GraphicsEngine.h">
      <Filter>graphics</Filter>
    </ClInclude>
    <ClInclude Include="graphics\Camera.h">
      <Filter>graphics</Filter>
    </ClInclude>
    <ClInclude Include="Title.h" />
    <ClInclude Include="graphics\animation\Animation.h">
      <Filter>graphics\animation</Filter>
    </ClInclude>
    <ClInclude Include="graphics\animation\AnimationClip.h">
      <Filter>graphics\animation</Filter>
    </ClInclude>
    <ClInclude Include="graphics\animation\AnimationPlayController.h">
      <Filter>graphics\animation</Filter>
    </ClInclude>
    <ClInclude Include="Spring.h" />
    <ClInclude Include="graphics\Skeleton.h">
      <Filter>graphics</Filter>
    </ClInclude>
    <ClInclude Include="TurnScaffold.h" />
    <ClInclude Include="graphics\RenderTarget.h">
      <Filter>graphics</Filter>
    </ClInclude>
    <ClInclude Include="graphics\ShadowMap.h" />
    <ClInclude Include="Coin.h" />
    <ClInclude Include="Sprite.h" />
    <ClInclude Include="Fade.h" />
    <ClInclude Include="Bloom.h" />
    <ClInclude Include="PostEffect.h" />
    <ClInclude Include="sound\SoundEngine.h" />
    <ClInclude Include="sound\SoundSource.h" />
    <ClInclude Include="sound\WaveFile.h" />
    <ClInclude Include="sound\WaveFileBank.h" />
    <ClInclude Include="GaussianBlur.h" />
    <ClInclude Include="ConstantBufferGPU.h" />
    <ClInclude Include="Gate.h" />
    <ClInclude Include="HP.h" />
    <ClInclude Include="font.h" />
    <ClInclude Include="Timer.h" />
    <ClInclude Include="Gameover.h" />
    <ClInclude Include="SkinModelShaderConst.h">
      <Filter>graphics</Filter>
    </ClInclude>
    <ClInclude Include="character\SpringCamera.h" />
  </ItemGroup>
  <ItemGroup>
    <MeshContentTask Include="Assets\modelData\unityChan.fbx">
      <Filter>Assets\modelData</Filter>
    </MeshContentTask>
    <MeshContentTask Include="Assets\animData\UnityChanAnim.fbx">
      <Filter>Assets\animData</Filter>
    </MeshContentTask>
    <MeshContentTask Include="Assets\modelData\background.FBX">
      <Filter>Assets\modelData</Filter>
    </MeshContentTask>
    <MeshContentTask Include="Assets\modelData\enemy.FBX">
      <Filter>Assets\modelData</Filter>
    </MeshContentTask>
    <MeshContentTask Include="Assets\modelData\enemy_00.FBX">
      <Filter>Assets\modelData</Filter>
    </MeshContentTask>
    <MeshContentTask Include="Assets\modelData\StoneMonster.FBX">
      <Filter>Assets\modelData</Filter>
    </MeshContentTask>
    <MeshContentTask Include="Assets\modelData\Skeleton%40Skin.FBX">
      <Filter>Assets\modelData</Filter>
    </MeshContentTask>
    <MeshContentTask Include="Assets\modelData\karasiba.FBX">
      <Filter>Assets\modelData</Filter>
    </MeshContentTask>
    <MeshContentTask Include="Assets\modelData\star1.FBX">
      <Filter>Assets\modelData</Filter>
    </MeshContentTask>
    <MeshContentTask Include="Assets\modelData\Stage0.FBX">
      <Filter>Assets\modelData</Filter>
    </MeshContentTask>
    <MeshContentTask Include="Assets\modelData\Spring.FBX">
      <Filter>Assets\modelData</Filter>
    </MeshContentTask>
    <MeshContentTask Include="Assets\modelData\Dammy.FBX">
      <Filter>Assets\modelData</Filter>
    </MeshContentTask>
    <MeshContentTask Include="Assets\modelData\turnasiba.FBX">
      <Filter>Assets\modelData</Filter>
    </MeshContentTask>
    <MeshContentTask Include="Assets\modelData\SlimeLevel1.fbx">
      <Filter>Assets\modelData</Filter>
    </MeshContentTask>
    <MeshContentTask Include="Assets\modelData\kkk.fbx" />
    <MeshContentTask Include="Assets\modelData\Stage01.FBX" />
    <MeshContentTask Include="Assets\modelData\fence_gate.FBX" />
    <MeshContentTask Include="Assets\modelData\Coin.FBX">
      <Filter>Assets\modelData</Filter>
    </MeshContentTask>
    <MeshContentTask Include="Assets\modelData\Green_Cube.fbx" />
    <MeshContentTask Include="Assets\modelData\Stage2.fbx" />
    <MeshContentTask Include="Assets\modelData\Island.fbx" />
  </ItemGroup>
  <ItemGroup>
    <None Include="Assets\animData\walk.tka">
      <Filter>Assets\animData</Filter>
    </None>
    <None Include="Assets\animData\run.tka">
      <Filter>Assets\animData</Filter>
    </None>
    <None Include="Assets\animData\standing.tka">
      <Filter>Assets\animData</Filter>
    </None>
    <None Include="Assets\animData\jump.tka">
      <Filter>Assets\animData</Filter>
    </None>
    <None Include="Assets\modelData\enemy_00.X">
      <Filter>Assets\modelData</Filter>
    </None>
    <None Include="Assets\animData\damage.tka">
      <Filter>Assets\animData</Filter>
    </None>
    <None Include="Assets\animData\godown.tka">
      <Filter>Assets\animData</Filter>
    </None>
    <None Include="Assets\animData\sliding.tka">
      <Filter>Assets\animData</Filter>
    </None>
    <None Include="Assets\animData\spring.tka">
      <Filter>Assets\animData</Filter>
    </None>
    <None Include="Assets\animData\toptojump.tka">
      <Filter>Assets\animData</Filter>
    </None>
    <None Include="Assets\animData\toptoground.tka">
      <Filter>Assets\animData</Filter>
    </None>
    <None Include="Assets\animData\salute.tka" />
  </ItemGroup>
  <ItemGroup>
    <Image Include="Assets\modelData\StoneMonster.png">
      <Filter>Assets\modelData</Filter>
    </Image>
    <Image Include="Assets\modelData\ASHSEN_2.GIF" />
    <Image Include="Assets\modelData\104677.jpg" />
    <Image Include="Assets\modelData\BUBINGA.JPG" />
    <Image Include="Assets\modelData\ferns.tga" />
    <Image Include="Assets\modelData\ground_grass.tga" />
    <Image Include="Assets\modelData\MARBOCTB.GIF" />
    <Image Include="Assets\modelData\PLASTERT.TGA" />
  </ItemGroup>
  <ItemGroup>
    <ImageContentTask Include="Assets\sprite\test.png">
      <Filter>Assets\sprite</Filter>
    </ImageContentTask>
    <ImageContentTask Include="Assets\sprite\kari.png">
      <Filter>Assets\sprite</Filter>
    </ImageContentTask>
    <ImageContentTask Include="Assets\sprite\taittol.png" />
    <ImageContentTask Include="Assets\sprite\tairyoku.png" />
    <ImageContentTask Include="Assets\modelData\utc_nomal.tga" />
    <ImageContentTask Include="Assets\modelData\utc_spec.tga" />
    <ImageContentTask Include="Assets\modelData\utc_ao.png" />
    <ImageContentTask Include="Assets\sprite\White.png" />
    <ImageContentTask Include="Assets\sprite\gameover.png" />
    <ImageContentTask Include="Assets\sprite\stagecrear.png" />
    <ImageContentTask Include="Assets\modelData\Pixel Cube Atlas.png" />
  </ItemGroup>
</Project>